
Microsoft Visual Studio Solution File, Format Version 12.00
# Visual Studio Version 17
VisualStudioVersion = 17.12.35527.113
MinimumVisualStudioVersion = 10.0.40219.1
Project("{FAE04EC0-301F-11D3-BF4B-00C04F79EFBC}") = "LeetCode", "LeetCode.csproj", "{5CF25FCC-C6BD-4B1F-9D5E-5A56BA2A9005}"
EndProject
Global
	GlobalSection(SolutionConfigurationPlatforms) = preSolution
		Debug|Any CPU = Debug|Any CPU
		Release|Any CPU = Release|Any CPU
	EndGlobalSection
	GlobalSection(ProjectConfigurationPlatforms) = postSolution
		{5CF25FCC-C6BD-4B1F-9D5E-5A56BA2A9005}.Debug|Any CPU.ActiveCfg = Debug|Any CPU
		{5CF25FCC-C6BD-4B1F-9D5E-5A56BA2A9005}.Debug|Any CPU.Build.0 = Debug|Any CPU
		{5CF25FCC-C6BD-4B1F-9D5E-5A56BA2A9005}.Release|Any CPU.ActiveCfg = Release|Any CPU
		{5CF25FCC-C6BD-4B1F-9D5E-5A56BA2A9005}.Release|Any CPU.Build.0 = Release|Any CPU
	EndGlobalSection
	GlobalSection(SolutionProperties) = preSolution
		HideSolutionNode = FALSE
	EndGlobalSection
EndGlobal
